// !$*UTF8*$!
{
	archiveVersion = 1;
	classes = {
	};
	objectVersion = 46;
	objects = {

/* Begin PBXAggregateTarget section */
		57458E88FCFC43BD9EB5C9E2 /* ZERO_CHECK */ = {
			isa = PBXAggregateTarget;
			buildConfigurationList = 1EA37AC18DF44D8E9C485A3A /* Build configuration list for PBXAggregateTarget "ZERO_CHECK" */;
			buildPhases = (
				900FC6FC74474FA68D18C93A /* CMake Rules */,
			);
			dependencies = (
			);
			name = ZERO_CHECK;
			productName = ZERO_CHECK;
		};
		8953A530104A462DBC8C65A5 /* ALL_BUILD */ = {
			isa = PBXAggregateTarget;
			buildConfigurationList = CC61520547EF454DAA22EC87 /* Build configuration list for PBXAggregateTarget "ALL_BUILD" */;
			buildPhases = (
				ADB85B78F0504A03AD5824D0 /* CMake Rules */,
			);
			dependencies = (
				031D35EEF0D541809980C9AA /* PBXTargetDependency */,
				58618D6AC1FB4F2B8156233B /* PBXTargetDependency */,
			);
			name = ALL_BUILD;
			productName = ALL_BUILD;
		};
/* End PBXAggregateTarget section */

/* Begin PBXBuildFile section */
		7498BAEE4B65467B8B633C46 /* testEndToEnd.cpp in Sources */ = {isa = PBXBuildFile; fileRef = C01DC25B0DDC43F1901DF19D /* testEndToEnd.cpp */; };
		958333B573EF443F8B6DD19A /* main.cpp in Sources */ = {isa = PBXBuildFile; fileRef = 8A7F4B88F8BD41C19EC4D2D3 /* main.cpp */; };
		9B2130282087C84E006AC0B9 /* UserInfo.cpp in Sources */ = {isa = PBXBuildFile; fileRef = 9B2130262087C84E006AC0B9 /* UserInfo.cpp */; };
		B28548992C49467A8F8143D1 /* SocialNetworkAnalysis.cpp in Sources */ = {isa = PBXBuildFile; fileRef = 71C828ACC0784CF5930B8A89 /* SocialNetworkAnalysis.cpp */; };
/* End PBXBuildFile section */

/* Begin PBXContainerItemProxy section */
		5B4B5AC507A047BE8E56B42F /* PBXContainerItemProxy */ = {
			isa = PBXContainerItemProxy;
			containerPortal = 54EE2839299540849E493C88 /* Project object */;
			proxyType = 1;
			remoteGlobalIDString = 57458E88FCFC43BD9EB5C9E2;
			remoteInfo = ZERO_CHECK;
		};
		A13A4F7943514E34B50D4938 /* PBXContainerItemProxy */ = {
			isa = PBXContainerItemProxy;
			containerPortal = 54EE2839299540849E493C88 /* Project object */;
			proxyType = 1;
			remoteGlobalIDString = 57423D3E7CC74F9F8F5F1AEC;
			remoteInfo = sna;
		};
		A514486C2F3E4A489A100649 /* PBXContainerItemProxy */ = {
			isa = PBXContainerItemProxy;
			containerPortal = 54EE2839299540849E493C88 /* Project object */;
			proxyType = 1;
			remoteGlobalIDString = 57458E88FCFC43BD9EB5C9E2;
			remoteInfo = ZERO_CHECK;
		};
/* End PBXContainerItemProxy section */

/* Begin PBXFileReference section */
		0C93D3B2784E49D9B26AF7DC /* testEndToEnd.h */ = {isa = PBXFileReference; explicitFileType = sourcecode.c.h; fileEncoding = 4; path = testEndToEnd.h; sourceTree = SOURCE_ROOT; };
		2BE4B2699F264C058F0B02D6 /* CMakeLists.txt */ = {isa = PBXFileReference; explicitFileType = sourcecode.text; fileEncoding = 4; lastKnownFileType = text; path = CMakeLists.txt; sourceTree = SOURCE_ROOT; };
		509B691FDB904AE4A04EE40D /* CMakeLists.txt */ = {isa = PBXFileReference; explicitFileType = sourcecode.text; fileEncoding = 4; lastKnownFileType = text; path = CMakeLists.txt; sourceTree = SOURCE_ROOT; };
		669D2CB9B11A4F8797E10CC5 /* CMakeLists.txt */ = {isa = PBXFileReference; explicitFileType = sourcecode.text; fileEncoding = 4; lastKnownFileType = text; path = CMakeLists.txt; sourceTree = SOURCE_ROOT; };
		71C828ACC0784CF5930B8A89 /* SocialNetworkAnalysis.cpp */ = {isa = PBXFileReference; explicitFileType = sourcecode.cpp.cpp; fileEncoding = 4; path = SocialNetworkAnalysis.cpp; sourceTree = SOURCE_ROOT; };
		8A7F4B88F8BD41C19EC4D2D3 /* main.cpp */ = {isa = PBXFileReference; explicitFileType = sourcecode.cpp.cpp; fileEncoding = 4; path = main.cpp; sourceTree = SOURCE_ROOT; };
		9B2130262087C84E006AC0B9 /* UserInfo.cpp */ = {isa = PBXFileReference; lastKnownFileType = sourcecode.cpp.cpp; path = UserInfo.cpp; sourceTree = "<group>"; };
		9B2130292087C8B6006AC0B9 /* UserInfo.h */ = {isa = PBXFileReference; lastKnownFileType = sourcecode.c.h; path = UserInfo.h; sourceTree = "<group>"; };
		B8BF7434475D44188EC08987 /* sna */ = {isa = PBXFileReference; explicitFileType = "compiled.mach-o.executable"; path = sna; sourceTree = BUILT_PRODUCTS_DIR; };
		C01DC25B0DDC43F1901DF19D /* testEndToEnd.cpp */ = {isa = PBXFileReference; explicitFileType = sourcecode.cpp.cpp; fileEncoding = 4; path = testEndToEnd.cpp; sourceTree = SOURCE_ROOT; };
		D736EADA50164096BD13CE6A /* SocialNetworkAnalysis.h */ = {isa = PBXFileReference; explicitFileType = sourcecode.c.h; fileEncoding = 4; path = SocialNetworkAnalysis.h; sourceTree = SOURCE_ROOT; };
/* End PBXFileReference section */

/* Begin PBXGroup section */
		059EFEB2299C49558B9BD197 /* ZERO_CHECK */ = {
			isa = PBXGroup;
			children = (
				622AEEBD29F2488B92EA05C3 /* CMake Rules */,
			);
			name = ZERO_CHECK;
			sourceTree = "<group>";
		};
		1D27EBB7D82E4128BB23F080 /* Source Files */ = {
			isa = PBXGroup;
			children = (
				9B2130262087C84E006AC0B9 /* UserInfo.cpp */,
				71C828ACC0784CF5930B8A89 /* SocialNetworkAnalysis.cpp */,
				8A7F4B88F8BD41C19EC4D2D3 /* main.cpp */,
				C01DC25B0DDC43F1901DF19D /* testEndToEnd.cpp */,
			);
			name = "Source Files";
			sourceTree = "<group>";
		};
		30962669A0904CE0AF91411D = {
			isa = PBXGroup;
			children = (
				3BE709D697854E89A24C4A49 /* sna */,
				75203F438F584FBBB576B9FC /* ALL_BUILD */,
				059EFEB2299C49558B9BD197 /* ZERO_CHECK */,
				E4E6EDC0EEAF410CB5B08649 /* Products */,
			);
			sourceTree = "<group>";
		};
		3BE709D697854E89A24C4A49 /* sna */ = {
			isa = PBXGroup;
			children = (
				1D27EBB7D82E4128BB23F080 /* Source Files */,
				752C15060DF749B29B814008 /* Header Files */,
				669D2CB9B11A4F8797E10CC5 /* CMakeLists.txt */,
			);
			name = sna;
			sourceTree = "<group>";
		};
		622AEEBD29F2488B92EA05C3 /* CMake Rules */ = {
			isa = PBXGroup;
			children = (
				509B691FDB904AE4A04EE40D /* CMakeLists.txt */,
			);
			name = "CMake Rules";
			sourceTree = "<group>";
		};
		75203F438F584FBBB576B9FC /* ALL_BUILD */ = {
			isa = PBXGroup;
			children = (
				F7A34D669678447B9F6DF7E2 /* CMake Rules */,
				2BE4B2699F264C058F0B02D6 /* CMakeLists.txt */,
			);
			name = ALL_BUILD;
			sourceTree = "<group>";
		};
		752C15060DF749B29B814008 /* Header Files */ = {
			isa = PBXGroup;
			children = (
				D736EADA50164096BD13CE6A /* SocialNetworkAnalysis.h */,
				0C93D3B2784E49D9B26AF7DC /* testEndToEnd.h */,
				9B2130292087C8B6006AC0B9 /* UserInfo.h */,
			);
			name = "Header Files";
			sourceTree = "<group>";
		};
		E4E6EDC0EEAF410CB5B08649 /* Products */ = {
			isa = PBXGroup;
			children = (
				B8BF7434475D44188EC08987 /* sna */,
			);
			name = Products;
			sourceTree = "<group>";
		};
		F7A34D669678447B9F6DF7E2 /* CMake Rules */ = {
			isa = PBXGroup;
			children = (
			);
			name = "CMake Rules";
			sourceTree = "<group>";
		};
/* End PBXGroup section */

/* Begin PBXNativeTarget section */
		57423D3E7CC74F9F8F5F1AEC /* sna */ = {
			isa = PBXNativeTarget;
			buildConfigurationList = 4113B3E88E8D46A6BA7B260D /* Build configuration list for PBXNativeTarget "sna" */;
			buildPhases = (
				9B3658F573DB4DF7AD3E5D8C /* Sources */,
			);
			buildRules = (
			);
			dependencies = (
				6B8A1C37E20C46759A5AC6F7 /* PBXTargetDependency */,
			);
			name = sna;
			productName = sna;
			productReference = B8BF7434475D44188EC08987 /* sna */;
			productType = "com.apple.product-type.tool";
		};
/* End PBXNativeTarget section */

/* Begin PBXProject section */
		54EE2839299540849E493C88 /* Project object */ = {
			isa = PBXProject;
			attributes = {
				BuildIndependentTargetsInParallel = YES;
				LastUpgradeCheck = 0930;
			};
			buildConfigurationList = D2998C9DC73A4F5DB924587E /* Build configuration list for PBXProject "Project" */;
			compatibilityVersion = "Xcode 3.2";
			developmentRegion = en;
			hasScannedForEncodings = 0;
			knownRegions = (
				en,
			);
			mainGroup = 30962669A0904CE0AF91411D;
			projectDirPath = /Users/alligilbreath/Desktop/project9/project_9_example/src;
			projectRoot = "";
			targets = (
				8953A530104A462DBC8C65A5 /* ALL_BUILD */,
				57458E88FCFC43BD9EB5C9E2 /* ZERO_CHECK */,
				57423D3E7CC74F9F8F5F1AEC /* sna */,
			);
		};
/* End PBXProject section */

/* Begin PBXShellScriptBuildPhase section */
		900FC6FC74474FA68D18C93A /* CMake Rules */ = {
			isa = PBXShellScriptBuildPhase;
			buildActionMask = 2147483647;
			files = (
			);
			name = "CMake Rules";
			runOnlyForDeploymentPostprocessing = 0;
			shellPath = /bin/sh;
			shellScript = "make -C /Users/alligilbreath/Desktop/project9/project_9_example/bld -f /Users/alligilbreath/Desktop/project9/project_9_example/bld/CMakeScripts/ZERO_CHECK_cmakeRulesBuildPhase.make$CONFIGURATION all";
			showEnvVarsInLog = 0;
		};
		ADB85B78F0504A03AD5824D0 /* CMake Rules */ = {
			isa = PBXShellScriptBuildPhase;
			buildActionMask = 2147483647;
			files = (
			);
			name = "CMake Rules";
			runOnlyForDeploymentPostprocessing = 0;
			shellPath = /bin/sh;
			shellScript = "make -C /Users/alligilbreath/Desktop/project9/project_9_example/bld -f /Users/alligilbreath/Desktop/project9/project_9_example/bld/CMakeScripts/ALL_BUILD_cmakeRulesBuildPhase.make$CONFIGURATION all";
			showEnvVarsInLog = 0;
		};
/* End PBXShellScriptBuildPhase section */

/* Begin PBXSourcesBuildPhase section */
		9B3658F573DB4DF7AD3E5D8C /* Sources */ = {
			isa = PBXSourcesBuildPhase;
			buildActionMask = 2147483647;
			files = (
				9B2130282087C84E006AC0B9 /* UserInfo.cpp in Sources */,
				B28548992C49467A8F8143D1 /* SocialNetworkAnalysis.cpp in Sources */,
				958333B573EF443F8B6DD19A /* main.cpp in Sources */,
				7498BAEE4B65467B8B633C46 /* testEndToEnd.cpp in Sources */,
			);
			runOnlyForDeploymentPostprocessing = 0;
		};
/* End PBXSourcesBuildPhase section */

/* Begin PBXTargetDependency section */
		031D35EEF0D541809980C9AA /* PBXTargetDependency */ = {
			isa = PBXTargetDependency;
			target = 57458E88FCFC43BD9EB5C9E2 /* ZERO_CHECK */;
			targetProxy = 5B4B5AC507A047BE8E56B42F /* PBXContainerItemProxy */;
		};
		58618D6AC1FB4F2B8156233B /* PBXTargetDependency */ = {
			isa = PBXTargetDependency;
			target = 57423D3E7CC74F9F8F5F1AEC /* sna */;
			targetProxy = A13A4F7943514E34B50D4938 /* PBXContainerItemProxy */;
		};
		6B8A1C37E20C46759A5AC6F7 /* PBXTargetDependency */ = {
			isa = PBXTargetDependency;
			target = 57458E88FCFC43BD9EB5C9E2 /* ZERO_CHECK */;
			targetProxy = A514486C2F3E4A489A100649 /* PBXContainerItemProxy */;
		};
/* End PBXTargetDependency section */

/* Begin XCBuildConfiguration section */
		05E2FB2148474F8FB2F553E9 /* MinSizeRel */ = {
			isa = XCBuildConfiguration;
			buildSettings = {
				COMBINE_HIDPI_IMAGES = YES;
				EXECUTABLE_PREFIX = "";
				EXECUTABLE_SUFFIX = "";
				GCC_GENERATE_DEBUGGING_SYMBOLS = NO;
				GCC_INLINES_ARE_PRIVATE_EXTERN = NO;
				GCC_OPTIMIZATION_LEVEL = s;
				GCC_PREPROCESSOR_DEFINITIONS = "'CMAKE_INTDIR=\"$(CONFIGURATION)$(EFFECTIVE_PLATFORM_NAME)\"'";
				GCC_SYMBOLS_PRIVATE_EXTERN = NO;
				INSTALL_PATH = "";
				LIBRARY_SEARCH_PATHS = "";
				OTHER_CPLUSPLUSFLAGS = (
					"-std=c++11",
					"-DNDEBUG",
					"-Wall",
					"-g",
				);
				OTHER_LDFLAGS = (
					"-Wl,-search_paths_first",
					"-Wl,-headerpad_max_install_names",
				);
				OTHER_REZFLAGS = "";
				PRODUCT_NAME = sna;
				SECTORDER_FLAGS = "";
				SYMROOT = /Users/alligilbreath/Desktop/project9/project_9_example/bld;
				USE_HEADERMAP = NO;
				WARNING_CFLAGS = (
					"-Wmost",
					"-Wno-four-char-constants",
					"-Wno-unknown-pragmas",
					"$(inherited)",
				);
			};
			name = MinSizeRel;
		};
		06C401017FF64086B93A4C87 /* MinSizeRel */ = {
			isa = XCBuildConfiguration;
			buildSettings = {
				COMBINE_HIDPI_IMAGES = YES;
				GCC_GENERATE_DEBUGGING_SYMBOLS = YES;
				GCC_INLINES_ARE_PRIVATE_EXTERN = NO;
				GCC_OPTIMIZATION_LEVEL = 0;
				GCC_PREPROCESSOR_DEFINITIONS = "'CMAKE_INTDIR=\"$(CONFIGURATION)$(EFFECTIVE_PLATFORM_NAME)\"'";
				GCC_SYMBOLS_PRIVATE_EXTERN = NO;
				INSTALL_PATH = "";
				OTHER_LDFLAGS = " ";
				OTHER_REZFLAGS = "";
				PRODUCT_NAME = ZERO_CHECK;
				SECTORDER_FLAGS = "";
				SYMROOT = /Users/alligilbreath/Desktop/project9/project_9_example/bld;
				USE_HEADERMAP = NO;
				WARNING_CFLAGS = (
					"-Wmost",
					"-Wno-four-char-constants",
					"-Wno-unknown-pragmas",
					"$(inherited)",
				);
			};
			name = MinSizeRel;
		};
		1D4E6D6686224E0B83497013 /* MinSizeRel */ = {
			isa = XCBuildConfiguration;
			buildSettings = {
				COMBINE_HIDPI_IMAGES = YES;
				GCC_GENERATE_DEBUGGING_SYMBOLS = YES;
				GCC_INLINES_ARE_PRIVATE_EXTERN = NO;
				GCC_OPTIMIZATION_LEVEL = 0;
				GCC_PREPROCESSOR_DEFINITIONS = "'CMAKE_INTDIR=\"$(CONFIGURATION)$(EFFECTIVE_PLATFORM_NAME)\"'";
				GCC_SYMBOLS_PRIVATE_EXTERN = NO;
				INSTALL_PATH = "";
				OTHER_LDFLAGS = " ";
				OTHER_REZFLAGS = "";
				PRODUCT_NAME = ALL_BUILD;
				SECTORDER_FLAGS = "";
				SYMROOT = /Users/alligilbreath/Desktop/project9/project_9_example/bld;
				USE_HEADERMAP = NO;
				WARNING_CFLAGS = (
					"-Wmost",
					"-Wno-four-char-constants",
					"-Wno-unknown-pragmas",
					"$(inherited)",
				);
			};
			name = MinSizeRel;
		};
		20390B8C2D1C45D0BF4CEC00 /* Release */ = {
			isa = XCBuildConfiguration;
			buildSettings = {
				COMBINE_HIDPI_IMAGES = YES;
				EXECUTABLE_PREFIX = "";
				EXECUTABLE_SUFFIX = "";
				GCC_GENERATE_DEBUGGING_SYMBOLS = NO;
				GCC_INLINES_ARE_PRIVATE_EXTERN = NO;
				GCC_OPTIMIZATION_LEVEL = 3;
				GCC_PREPROCESSOR_DEFINITIONS = "'CMAKE_INTDIR=\"$(CONFIGURATION)$(EFFECTIVE_PLATFORM_NAME)\"'";
				GCC_SYMBOLS_PRIVATE_EXTERN = NO;
				INSTALL_PATH = "";
				LIBRARY_SEARCH_PATHS = "";
				OTHER_CPLUSPLUSFLAGS = (
					"-std=c++11",
					"-DNDEBUG",
					"-Wall",
					"-g",
				);
				OTHER_LDFLAGS = (
					"-Wl,-search_paths_first",
					"-Wl,-headerpad_max_install_names",
				);
				OTHER_REZFLAGS = "";
				PRODUCT_NAME = sna;
				SECTORDER_FLAGS = "";
				SYMROOT = /Users/alligilbreath/Desktop/project9/project_9_example/bld;
				USE_HEADERMAP = NO;
				WARNING_CFLAGS = (
					"-Wmost",
					"-Wno-four-char-constants",
					"-Wno-unknown-pragmas",
					"$(inherited)",
				);
			};
			name = Release;
		};
		311B80859926486A98D51B85 /* MinSizeRel */ = {
			isa = XCBuildConfiguration;
			buildSettings = {
				ONLY_ACTIVE_ARCH = YES;
				SDKROOT = /Applications/Xcode.app/Contents/Developer/Platforms/MacOSX.platform/Developer/SDKs/MacOSX10.13.sdk;
				SYMROOT = /Users/alligilbreath/Desktop/project9/project_9_example/bld/build;
			};
			name = MinSizeRel;
		};
		3584EEFF02854503AFA006B6 /* Debug */ = {
			isa = XCBuildConfiguration;
			buildSettings = {
				COMBINE_HIDPI_IMAGES = YES;
				EXECUTABLE_PREFIX = "";
				EXECUTABLE_SUFFIX = "";
				GCC_GENERATE_DEBUGGING_SYMBOLS = YES;
				GCC_INLINES_ARE_PRIVATE_EXTERN = NO;
				GCC_OPTIMIZATION_LEVEL = 0;
				GCC_PREPROCESSOR_DEFINITIONS = "'CMAKE_INTDIR=\"$(CONFIGURATION)$(EFFECTIVE_PLATFORM_NAME)\"'";
				GCC_SYMBOLS_PRIVATE_EXTERN = NO;
				INSTALL_PATH = "";
				LIBRARY_SEARCH_PATHS = "";
				OTHER_CPLUSPLUSFLAGS = (
					"-std=c++11",
					"-Wall",
					"-g",
				);
				OTHER_LDFLAGS = (
					"-Wl,-search_paths_first",
					"-Wl,-headerpad_max_install_names",
				);
				OTHER_REZFLAGS = "";
				PRODUCT_NAME = sna;
				SECTORDER_FLAGS = "";
				SYMROOT = /Users/alligilbreath/Desktop/project9/project_9_example/bld;
				USE_HEADERMAP = NO;
				WARNING_CFLAGS = (
					"-Wmost",
					"-Wno-four-char-constants",
					"-Wno-unknown-pragmas",
					"$(inherited)",
				);
			};
			name = Debug;
		};
		41FB7D78207F4DD486C9B3C3 /* Release */ = {
			isa = XCBuildConfiguration;
			buildSettings = {
				ONLY_ACTIVE_ARCH = YES;
				SDKROOT = /Applications/Xcode.app/Contents/Developer/Platforms/MacOSX.platform/Developer/SDKs/MacOSX10.13.sdk;
				SYMROOT = /Users/alligilbreath/Desktop/project9/project_9_example/bld/build;
			};
			name = Release;
		};
		4BF416704A234FC889C1A56A /* RelWithDebInfo */ = {
			isa = XCBuildConfiguration;
			buildSettings = {
				COMBINE_HIDPI_IMAGES = YES;
				EXECUTABLE_PREFIX = "";
				EXECUTABLE_SUFFIX = "";
				GCC_GENERATE_DEBUGGING_SYMBOLS = YES;
				GCC_INLINES_ARE_PRIVATE_EXTERN = NO;
				GCC_OPTIMIZATION_LEVEL = 2;
				GCC_PREPROCESSOR_DEFINITIONS = "'CMAKE_INTDIR=\"$(CONFIGURATION)$(EFFECTIVE_PLATFORM_NAME)\"'";
				GCC_SYMBOLS_PRIVATE_EXTERN = NO;
				INSTALL_PATH = "";
				LIBRARY_SEARCH_PATHS = "";
				OTHER_CPLUSPLUSFLAGS = (
					"-std=c++11",
					"-DNDEBUG",
					"-Wall",
					"-g",
				);
				OTHER_LDFLAGS = (
					"-Wl,-search_paths_first",
					"-Wl,-headerpad_max_install_names",
				);
				OTHER_REZFLAGS = "";
				PRODUCT_NAME = sna;
				SECTORDER_FLAGS = "";
				SYMROOT = /Users/alligilbreath/Desktop/project9/project_9_example/bld;
				USE_HEADERMAP = NO;
				WARNING_CFLAGS = (
					"-Wmost",
					"-Wno-four-char-constants",
					"-Wno-unknown-pragmas",
					"$(inherited)",
				);
			};
			name = RelWithDebInfo;
		};
		6F8AA7151EEA4F169A69169B /* RelWithDebInfo */ = {
			isa = XCBuildConfiguration;
			buildSettings = {
				ONLY_ACTIVE_ARCH = YES;
				SDKROOT = /Applications/Xcode.app/Contents/Developer/Platforms/MacOSX.platform/Developer/SDKs/MacOSX10.13.sdk;
				SYMROOT = /Users/alligilbreath/Desktop/project9/project_9_example/bld/build;
			};
			name = RelWithDebInfo;
		};
		7F22D1593E6C4E05A897AA94 /* RelWithDebInfo */ = {
			isa = XCBuildConfiguration;
			buildSettings = {
				COMBINE_HIDPI_IMAGES = YES;
				GCC_GENERATE_DEBUGGING_SYMBOLS = YES;
				GCC_INLINES_ARE_PRIVATE_EXTERN = NO;
				GCC_OPTIMIZATION_LEVEL = 0;
				GCC_PREPROCESSOR_DEFINITIONS = "'CMAKE_INTDIR=\"$(CONFIGURATION)$(EFFECTIVE_PLATFORM_NAME)\"'";
				GCC_SYMBOLS_PRIVATE_EXTERN = NO;
				INSTALL_PATH = "";
				OTHER_LDFLAGS = " ";
				OTHER_REZFLAGS = "";
				PRODUCT_NAME = ZERO_CHECK;
				SECTORDER_FLAGS = "";
				SYMROOT = /Users/alligilbreath/Desktop/project9/project_9_example/bld;
				USE_HEADERMAP = NO;
				WARNING_CFLAGS = (
					"-Wmost",
					"-Wno-four-char-constants",
					"-Wno-unknown-pragmas",
					"$(inherited)",
				);
			};
			name = RelWithDebInfo;
		};
		9CD1B4F970A04FFC88C4CA28 /* Debug */ = {
			isa = XCBuildConfiguration;
			buildSettings = {
				ONLY_ACTIVE_ARCH = YES;
				SDKROOT = /Applications/Xcode.app/Contents/Developer/Platforms/MacOSX.platform/Developer/SDKs/MacOSX10.13.sdk;
				SYMROOT = /Users/alligilbreath/Desktop/project9/project_9_example/bld/build;
			};
			name = Debug;
		};
		9E06B0890C3F45B882BD718F /* RelWithDebInfo */ = {
			isa = XCBuildConfiguration;
			buildSettings = {
				COMBINE_HIDPI_IMAGES = YES;
				GCC_GENERATE_DEBUGGING_SYMBOLS = YES;
				GCC_INLINES_ARE_PRIVATE_EXTERN = NO;
				GCC_OPTIMIZATION_LEVEL = 0;
				GCC_PREPROCESSOR_DEFINITIONS = "'CMAKE_INTDIR=\"$(CONFIGURATION)$(EFFECTIVE_PLATFORM_NAME)\"'";
				GCC_SYMBOLS_PRIVATE_EXTERN = NO;
				INSTALL_PATH = "";
				OTHER_LDFLAGS = " ";
				OTHER_REZFLAGS = "";
				PRODUCT_NAME = ALL_BUILD;
				SECTORDER_FLAGS = "";
				SYMROOT = /Users/alligilbreath/Desktop/project9/project_9_example/bld;
				USE_HEADERMAP = NO;
				WARNING_CFLAGS = (
					"-Wmost",
					"-Wno-four-char-constants",
					"-Wno-unknown-pragmas",
					"$(inherited)",
				);
			};
			name = RelWithDebInfo;
		};
		A6AA6CB6D9114322A79E66EC /* Release */ = {
			isa = XCBuildConfiguration;
			buildSettings = {
				COMBINE_HIDPI_IMAGES = YES;
				GCC_GENERATE_DEBUGGING_SYMBOLS = YES;
				GCC_INLINES_ARE_PRIVATE_EXTERN = NO;
				GCC_OPTIMIZATION_LEVEL = 0;
				GCC_PREPROCESSOR_DEFINITIONS = "'CMAKE_INTDIR=\"$(CONFIGURATION)$(EFFECTIVE_PLATFORM_NAME)\"'";
				GCC_SYMBOLS_PRIVATE_EXTERN = NO;
				INSTALL_PATH = "";
				OTHER_LDFLAGS = " ";
				OTHER_REZFLAGS = "";
				PRODUCT_NAME = ZERO_CHECK;
				SECTORDER_FLAGS = "";
				SYMROOT = /Users/alligilbreath/Desktop/project9/project_9_example/bld;
				USE_HEADERMAP = NO;
				WARNING_CFLAGS = (
					"-Wmost",
					"-Wno-four-char-constants",
					"-Wno-unknown-pragmas",
					"$(inherited)",
				);
			};
			name = Release;
		};
		AFE918A665B044788E637757 /* Release */ = {
			isa = XCBuildConfiguration;
			buildSettings = {
				COMBINE_HIDPI_IMAGES = YES;
				GCC_GENERATE_DEBUGGING_SYMBOLS = YES;
				GCC_INLINES_ARE_PRIVATE_EXTERN = NO;
				GCC_OPTIMIZATION_LEVEL = 0;
				GCC_PREPROCESSOR_DEFINITIONS = "'CMAKE_INTDIR=\"$(CONFIGURATION)$(EFFECTIVE_PLATFORM_NAME)\"'";
				GCC_SYMBOLS_PRIVATE_EXTERN = NO;
				INSTALL_PATH = "";
				OTHER_LDFLAGS = " ";
				OTHER_REZFLAGS = "";
				PRODUCT_NAME = ALL_BUILD;
				SECTORDER_FLAGS = "";
				SYMROOT = /Users/alligilbreath/Desktop/project9/project_9_example/bld;
				USE_HEADERMAP = NO;
				WARNING_CFLAGS = (
					"-Wmost",
					"-Wno-four-char-constants",
					"-Wno-unknown-pragmas",
					"$(inherited)",
				);
			};
			name = Release;
		};
		CF1F029FAC2149168A62069F /* Debug */ = {
			isa = XCBuildConfiguration;
			buildSettings = {
				COMBINE_HIDPI_IMAGES = YES;
				GCC_GENERATE_DEBUGGING_SYMBOLS = YES;
				GCC_INLINES_ARE_PRIVATE_EXTERN = NO;
				GCC_OPTIMIZATION_LEVEL = 0;
				GCC_PREPROCESSOR_DEFINITIONS = "'CMAKE_INTDIR=\"$(CONFIGURATION)$(EFFECTIVE_PLATFORM_NAME)\"'";
				GCC_SYMBOLS_PRIVATE_EXTERN = NO;
				INSTALL_PATH = "";
				OTHER_LDFLAGS = " ";
				OTHER_REZFLAGS = "";
				PRODUCT_NAME = ALL_BUILD;
				SECTORDER_FLAGS = "";
				SYMROOT = /Users/alligilbreath/Desktop/project9/project_9_example/bld;
				USE_HEADERMAP = NO;
				WARNING_CFLAGS = (
					"-Wmost",
					"-Wno-four-char-constants",
					"-Wno-unknown-pragmas",
					"$(inherited)",
				);
			};
			name = Debug;
		};
		D417BA432F7C42CC98F712C3 /* Debug */ = {
			isa = XCBuildConfiguration;
			buildSettings = {
				COMBINE_HIDPI_IMAGES = YES;
				GCC_GENERATE_DEBUGGING_SYMBOLS = YES;
				GCC_INLINES_ARE_PRIVATE_EXTERN = NO;
				GCC_OPTIMIZATION_LEVEL = 0;
				GCC_PREPROCESSOR_DEFINITIONS = "'CMAKE_INTDIR=\"$(CONFIGURATION)$(EFFECTIVE_PLATFORM_NAME)\"'";
				GCC_SYMBOLS_PRIVATE_EXTERN = NO;
				INSTALL_PATH = "";
				OTHER_LDFLAGS = " ";
				OTHER_REZFLAGS = "";
				PRODUCT_NAME = ZERO_CHECK;
				SECTORDER_FLAGS = "";
				SYMROOT = /Users/alligilbreath/Desktop/project9/project_9_example/bld;
				USE_HEADERMAP = NO;
				WARNING_CFLAGS = (
					"-Wmost",
					"-Wno-four-char-constants",
					"-Wno-unknown-pragmas",
					"$(inherited)",
				);
			};
			name = Debug;
		};
/* End XCBuildConfiguration section */

/* Begin XCConfigurationList section */
		1EA37AC18DF44D8E9C485A3A /* Build configuration list for PBXAggregateTarget "ZERO_CHECK" */ = {
			isa = XCConfigurationList;
			buildConfigurations = (
				D417BA432F7C42CC98F712C3 /* Debug */,
				A6AA6CB6D9114322A79E66EC /* Release */,
				06C401017FF64086B93A4C87 /* MinSizeRel */,
				7F22D1593E6C4E05A897AA94 /* RelWithDebInfo */,
			);
			defaultConfigurationIsVisible = 0;
			defaultConfigurationName = Debug;
		};
		4113B3E88E8D46A6BA7B260D /* Build configuration list for PBXNativeTarget "sna" */ = {
			isa = XCConfigurationList;
			buildConfigurations = (
				3584EEFF02854503AFA006B6 /* Debug */,
				20390B8C2D1C45D0BF4CEC00 /* Release */,
				05E2FB2148474F8FB2F553E9 /* MinSizeRel */,
				4BF416704A234FC889C1A56A /* RelWithDebInfo */,
			);
			defaultConfigurationIsVisible = 0;
			defaultConfigurationName = Debug;
		};
		CC61520547EF454DAA22EC87 /* Build configuration list for PBXAggregateTarget "ALL_BUILD" */ = {
			isa = XCConfigurationList;
			buildConfigurations = (
				CF1F029FAC2149168A62069F /* Debug */,
				AFE918A665B044788E637757 /* Release */,
				1D4E6D6686224E0B83497013 /* MinSizeRel */,
				9E06B0890C3F45B882BD718F /* RelWithDebInfo */,
			);
			defaultConfigurationIsVisible = 0;
			defaultConfigurationName = Debug;
		};
		D2998C9DC73A4F5DB924587E /* Build configuration list for PBXProject "Project" */ = {
			isa = XCConfigurationList;
			buildConfigurations = (
				9CD1B4F970A04FFC88C4CA28 /* Debug */,
				41FB7D78207F4DD486C9B3C3 /* Release */,
				311B80859926486A98D51B85 /* MinSizeRel */,
				6F8AA7151EEA4F169A69169B /* RelWithDebInfo */,
			);
			defaultConfigurationIsVisible = 0;
			defaultConfigurationName = Debug;
		};
/* End XCConfigurationList section */
	};
	rootObject = 54EE2839299540849E493C88 /* Project object */;
}
